
Microsoft Visual Studio Solution File, Format Version 12.00
# Visual Studio Version 17
VisualStudioVersion = 17.5.002.0
MinimumVisualStudioVersion = 10.0.40219.1
Project("{9A19103F-16F7-4668-BE54-9A1E7A4F7556}") = "DayOne", "DayOne\DayOne.csproj", "{E94D221E-DA4D-4710-A5E3-9CE9503AFC10}"
EndProject
Project("{9A19103F-16F7-4668-BE54-9A1E7A4F7556}") = "interface", "interface\interface.csproj", "{EADFFC48-1D4E-401D-8252-83ACA7BCDEB5}"
EndProject
Global
	GlobalSection(SolutionConfigurationPlatforms) = preSolution
		Debug|Any CPU = Debug|Any CPU
		Release|Any CPU = Release|Any CPU
	EndGlobalSection
	GlobalSection(ProjectConfigurationPlatforms) = postSolution
		{E94D221E-DA4D-4710-A5E3-9CE9503AFC10}.Debug|Any CPU.ActiveCfg = Debug|Any CPU
		{E94D221E-DA4D-4710-A5E3-9CE9503AFC10}.Debug|Any CPU.Build.0 = Debug|Any CPU
		{E94D221E-DA4D-4710-A5E3-9CE9503AFC10}.Release|Any CPU.ActiveCfg = Release|Any CPU
		{E94D221E-DA4D-4710-A5E3-9CE9503AFC10}.Release|Any CPU.Build.0 = Release|Any CPU
		{EADFFC48-1D4E-401D-8252-83ACA7BCDEB5}.Debug|Any CPU.ActiveCfg = Debug|Any CPU
		{EADFFC48-1D4E-401D-8252-83ACA7BCDEB5}.Debug|Any CPU.Build.0 = Debug|Any CPU
		{EADFFC48-1D4E-401D-8252-83ACA7BCDEB5}.Release|Any CPU.ActiveCfg = Release|Any CPU
		{EADFFC48-1D4E-401D-8252-83ACA7BCDEB5}.Release|Any CPU.Build.0 = Release|Any CPU
	EndGlobalSection
	GlobalSection(SolutionProperties) = preSolution
		HideSolutionNode = FALSE
	EndGlobalSection
	GlobalSection(ExtensibilityGlobals) = postSolution
		SolutionGuid = {FA2400A9-FB9C-4F5E-9F2E-827B5CFAE3EB}
	EndGlobalSection
EndGlobal
