
Microsoft Visual Studio Solution File, Format Version 12.00
# Visual Studio Version 17
VisualStudioVersion = 17.5.002.0
MinimumVisualStudioVersion = 10.0.40219.1
Project("{9A19103F-16F7-4668-BE54-9A1E7A4F7556}") = "DayOne", "DayOne\DayOne.csproj", "{E94D221E-DA4D-4710-A5E3-9CE9503AFC10}"
EndProject
Project("{9A19103F-16F7-4668-BE54-9A1E7A4F7556}") = "interface", "interface\interface.csproj", "{EADFFC48-1D4E-401D-8252-83ACA7BCDEB5}"
EndProject
Project("{FAE04EC0-301F-11D3-BF4B-00C04F79EFBC}") = "DayTwo", "DayTwo\DayTwo.csproj", "{291F0598-C2DA-4D63-92EA-A7DAF2CA98A7}"
EndProject
Project("{FAE04EC0-301F-11D3-BF4B-00C04F79EFBC}") = "DayThree", "DayThree\DayThree.csproj", "{E9BCE5AB-F5DF-48AD-A033-E7679ED791A0}"
EndProject
Project("{FAE04EC0-301F-11D3-BF4B-00C04F79EFBC}") = "DayFour", "DayFour\DayFour.csproj", "{FDAFEE4E-1F36-4D53-9D55-4A298F9B5693}"
EndProject
Project("{FAE04EC0-301F-11D3-BF4B-00C04F79EFBC}") = "DayFive", "DayFive\DayFive.csproj", "{E5FE55D3-8426-4F36-9848-9B67A784A8B5}"
EndProject
Project("{FAE04EC0-301F-11D3-BF4B-00C04F79EFBC}") = "DaySix", "DaySix\DaySix.csproj", "{A0CEACCD-E0EC-4BD0-8552-8B5DBC5E3C3E}"
EndProject
Project("{FAE04EC0-301F-11D3-BF4B-00C04F79EFBC}") = "DaySeven", "DaySeven\DaySeven.csproj", "{68C2A19F-F4EC-4DB9-B9FF-E5EF8CBAB93C}"
EndProject
Project("{FAE04EC0-301F-11D3-BF4B-00C04F79EFBC}") = "DayEight", "DayEight\DayEight.csproj", "{DA836C60-BF78-4E36-874D-A5B1B1E528A3}"
EndProject
Project("{FAE04EC0-301F-11D3-BF4B-00C04F79EFBC}") = "DayNine", "DayNine\DayNine.csproj", "{53DC55DF-6872-4C67-81DD-8C0B1F7544D8}"
EndProject
Project("{FAE04EC0-301F-11D3-BF4B-00C04F79EFBC}") = "Day10", "Day10\Day10.csproj", "{8DC4B273-BC30-4CEC-865E-023B3E8ABCD8}"
EndProject
Project("{FAE04EC0-301F-11D3-BF4B-00C04F79EFBC}") = "Day11", "Day11\Day11.csproj", "{C3AAFCBA-4F99-437E-B052-5F126A7D26D3}"
EndProject
Project("{FAE04EC0-301F-11D3-BF4B-00C04F79EFBC}") = "Day12", "Day12\Day12.csproj", "{396FFF28-11EB-4622-A5D0-E0E2F4A75806}"
EndProject
Global
	GlobalSection(SolutionConfigurationPlatforms) = preSolution
		Debug|Any CPU = Debug|Any CPU
		Release|Any CPU = Release|Any CPU
	EndGlobalSection
	GlobalSection(ProjectConfigurationPlatforms) = postSolution
		{E94D221E-DA4D-4710-A5E3-9CE9503AFC10}.Debug|Any CPU.ActiveCfg = Debug|Any CPU
		{E94D221E-DA4D-4710-A5E3-9CE9503AFC10}.Debug|Any CPU.Build.0 = Debug|Any CPU
		{E94D221E-DA4D-4710-A5E3-9CE9503AFC10}.Release|Any CPU.ActiveCfg = Release|Any CPU
		{E94D221E-DA4D-4710-A5E3-9CE9503AFC10}.Release|Any CPU.Build.0 = Release|Any CPU
		{EADFFC48-1D4E-401D-8252-83ACA7BCDEB5}.Debug|Any CPU.ActiveCfg = Debug|Any CPU
		{EADFFC48-1D4E-401D-8252-83ACA7BCDEB5}.Debug|Any CPU.Build.0 = Debug|Any CPU
		{EADFFC48-1D4E-401D-8252-83ACA7BCDEB5}.Release|Any CPU.ActiveCfg = Release|Any CPU
		{EADFFC48-1D4E-401D-8252-83ACA7BCDEB5}.Release|Any CPU.Build.0 = Release|Any CPU
		{291F0598-C2DA-4D63-92EA-A7DAF2CA98A7}.Debug|Any CPU.ActiveCfg = Debug|Any CPU
		{291F0598-C2DA-4D63-92EA-A7DAF2CA98A7}.Debug|Any CPU.Build.0 = Debug|Any CPU
		{291F0598-C2DA-4D63-92EA-A7DAF2CA98A7}.Release|Any CPU.ActiveCfg = Release|Any CPU
		{291F0598-C2DA-4D63-92EA-A7DAF2CA98A7}.Release|Any CPU.Build.0 = Release|Any CPU
		{E9BCE5AB-F5DF-48AD-A033-E7679ED791A0}.Debug|Any CPU.ActiveCfg = Debug|Any CPU
		{E9BCE5AB-F5DF-48AD-A033-E7679ED791A0}.Debug|Any CPU.Build.0 = Debug|Any CPU
		{E9BCE5AB-F5DF-48AD-A033-E7679ED791A0}.Release|Any CPU.ActiveCfg = Release|Any CPU
		{E9BCE5AB-F5DF-48AD-A033-E7679ED791A0}.Release|Any CPU.Build.0 = Release|Any CPU
		{FDAFEE4E-1F36-4D53-9D55-4A298F9B5693}.Debug|Any CPU.ActiveCfg = Debug|Any CPU
		{FDAFEE4E-1F36-4D53-9D55-4A298F9B5693}.Debug|Any CPU.Build.0 = Debug|Any CPU
		{FDAFEE4E-1F36-4D53-9D55-4A298F9B5693}.Release|Any CPU.ActiveCfg = Release|Any CPU
		{FDAFEE4E-1F36-4D53-9D55-4A298F9B5693}.Release|Any CPU.Build.0 = Release|Any CPU
		{E5FE55D3-8426-4F36-9848-9B67A784A8B5}.Debug|Any CPU.ActiveCfg = Debug|Any CPU
		{E5FE55D3-8426-4F36-9848-9B67A784A8B5}.Debug|Any CPU.Build.0 = Debug|Any CPU
		{E5FE55D3-8426-4F36-9848-9B67A784A8B5}.Release|Any CPU.ActiveCfg = Release|Any CPU
		{E5FE55D3-8426-4F36-9848-9B67A784A8B5}.Release|Any CPU.Build.0 = Release|Any CPU
		{A0CEACCD-E0EC-4BD0-8552-8B5DBC5E3C3E}.Debug|Any CPU.ActiveCfg = Debug|Any CPU
		{A0CEACCD-E0EC-4BD0-8552-8B5DBC5E3C3E}.Debug|Any CPU.Build.0 = Debug|Any CPU
		{A0CEACCD-E0EC-4BD0-8552-8B5DBC5E3C3E}.Release|Any CPU.ActiveCfg = Release|Any CPU
		{A0CEACCD-E0EC-4BD0-8552-8B5DBC5E3C3E}.Release|Any CPU.Build.0 = Release|Any CPU
		{68C2A19F-F4EC-4DB9-B9FF-E5EF8CBAB93C}.Debug|Any CPU.ActiveCfg = Debug|Any CPU
		{68C2A19F-F4EC-4DB9-B9FF-E5EF8CBAB93C}.Debug|Any CPU.Build.0 = Debug|Any CPU
		{68C2A19F-F4EC-4DB9-B9FF-E5EF8CBAB93C}.Release|Any CPU.ActiveCfg = Release|Any CPU
		{68C2A19F-F4EC-4DB9-B9FF-E5EF8CBAB93C}.Release|Any CPU.Build.0 = Release|Any CPU
		{DA836C60-BF78-4E36-874D-A5B1B1E528A3}.Debug|Any CPU.ActiveCfg = Debug|Any CPU
		{DA836C60-BF78-4E36-874D-A5B1B1E528A3}.Debug|Any CPU.Build.0 = Debug|Any CPU
		{DA836C60-BF78-4E36-874D-A5B1B1E528A3}.Release|Any CPU.ActiveCfg = Release|Any CPU
		{DA836C60-BF78-4E36-874D-A5B1B1E528A3}.Release|Any CPU.Build.0 = Release|Any CPU
		{53DC55DF-6872-4C67-81DD-8C0B1F7544D8}.Debug|Any CPU.ActiveCfg = Debug|Any CPU
		{53DC55DF-6872-4C67-81DD-8C0B1F7544D8}.Debug|Any CPU.Build.0 = Debug|Any CPU
		{53DC55DF-6872-4C67-81DD-8C0B1F7544D8}.Release|Any CPU.ActiveCfg = Release|Any CPU
		{53DC55DF-6872-4C67-81DD-8C0B1F7544D8}.Release|Any CPU.Build.0 = Release|Any CPU
		{8DC4B273-BC30-4CEC-865E-023B3E8ABCD8}.Debug|Any CPU.ActiveCfg = Debug|Any CPU
		{8DC4B273-BC30-4CEC-865E-023B3E8ABCD8}.Debug|Any CPU.Build.0 = Debug|Any CPU
		{8DC4B273-BC30-4CEC-865E-023B3E8ABCD8}.Release|Any CPU.ActiveCfg = Release|Any CPU
		{8DC4B273-BC30-4CEC-865E-023B3E8ABCD8}.Release|Any CPU.Build.0 = Release|Any CPU
		{C3AAFCBA-4F99-437E-B052-5F126A7D26D3}.Debug|Any CPU.ActiveCfg = Debug|Any CPU
		{C3AAFCBA-4F99-437E-B052-5F126A7D26D3}.Debug|Any CPU.Build.0 = Debug|Any CPU
		{C3AAFCBA-4F99-437E-B052-5F126A7D26D3}.Release|Any CPU.ActiveCfg = Release|Any CPU
		{C3AAFCBA-4F99-437E-B052-5F126A7D26D3}.Release|Any CPU.Build.0 = Release|Any CPU
		{396FFF28-11EB-4622-A5D0-E0E2F4A75806}.Debug|Any CPU.ActiveCfg = Debug|Any CPU
		{396FFF28-11EB-4622-A5D0-E0E2F4A75806}.Debug|Any CPU.Build.0 = Debug|Any CPU
		{396FFF28-11EB-4622-A5D0-E0E2F4A75806}.Release|Any CPU.ActiveCfg = Release|Any CPU
		{396FFF28-11EB-4622-A5D0-E0E2F4A75806}.Release|Any CPU.Build.0 = Release|Any CPU
	EndGlobalSection
	GlobalSection(SolutionProperties) = preSolution
		HideSolutionNode = FALSE
	EndGlobalSection
	GlobalSection(ExtensibilityGlobals) = postSolution
		SolutionGuid = {FA2400A9-FB9C-4F5E-9F2E-827B5CFAE3EB}
	EndGlobalSection
EndGlobal
